
Microsoft Visual Studio Solution File, Format Version 12.00
# Visual Studio Version 17
VisualStudioVersion = 17.7.34031.279
MinimumVisualStudioVersion = 10.0.40219.1
Project("{FAE04EC0-301F-11D3-BF4B-00C04F79EFBC}") = "doma1", "doma1.csproj", "{F7A2039A-56ED-4D6B-9A8D-440F8468DADF}"
EndProject
Global
	GlobalSection(SolutionConfigurationPlatforms) = preSolution
		Debug|Any CPU = Debug|Any CPU
		Release|Any CPU = Release|Any CPU
	EndGlobalSection
	GlobalSection(ProjectConfigurationPlatforms) = postSolution
		{F7A2039A-56ED-4D6B-9A8D-440F8468DADF}.Debug|Any CPU.ActiveCfg = Debug|Any CPU
		{F7A2039A-56ED-4D6B-9A8D-440F8468DADF}.Debug|Any CPU.Build.0 = Debug|Any CPU
		{F7A2039A-56ED-4D6B-9A8D-440F8468DADF}.Release|Any CPU.ActiveCfg = Release|Any CPU
		{F7A2039A-56ED-4D6B-9A8D-440F8468DADF}.Release|Any CPU.Build.0 = Release|Any CPU
	EndGlobalSection
	GlobalSection(SolutionProperties) = preSolution
		HideSolutionNode = FALSE
	EndGlobalSection
	GlobalSection(ExtensibilityGlobals) = postSolution
		SolutionGuid = {78A4DDFE-5307-4298-A0A4-F557B418630B}
	EndGlobalSection
EndGlobal
