
Microsoft Visual Studio Solution File, Format Version 12.00
# Visual Studio Version 17
VisualStudioVersion = 17.7.34031.279
MinimumVisualStudioVersion = 10.0.40219.1
Project("{FAE04EC0-301F-11D3-BF4B-00C04F79EFBC}") = "penezenka", "penezenka.csproj", "{599D77BC-68B5-41CA-AC39-F63446D8849E}"
EndProject
Global
	GlobalSection(SolutionConfigurationPlatforms) = preSolution
		Debug|Any CPU = Debug|Any CPU
		Release|Any CPU = Release|Any CPU
	EndGlobalSection
	GlobalSection(ProjectConfigurationPlatforms) = postSolution
		{599D77BC-68B5-41CA-AC39-F63446D8849E}.Debug|Any CPU.ActiveCfg = Debug|Any CPU
		{599D77BC-68B5-41CA-AC39-F63446D8849E}.Debug|Any CPU.Build.0 = Debug|Any CPU
		{599D77BC-68B5-41CA-AC39-F63446D8849E}.Release|Any CPU.ActiveCfg = Release|Any CPU
		{599D77BC-68B5-41CA-AC39-F63446D8849E}.Release|Any CPU.Build.0 = Release|Any CPU
	EndGlobalSection
	GlobalSection(SolutionProperties) = preSolution
		HideSolutionNode = FALSE
	EndGlobalSection
	GlobalSection(ExtensibilityGlobals) = postSolution
		SolutionGuid = {18CB518D-EBE9-407B-9B3E-FD315C0566A3}
	EndGlobalSection
EndGlobal
