
Microsoft Visual Studio Solution File, Format Version 12.00
# Visual Studio Version 17
VisualStudioVersion = 17.7.34024.191
MinimumVisualStudioVersion = 10.0.40219.1
Project("{FAE04EC0-301F-11D3-BF4B-00C04F79EFBC}") = "kalkulacka_funkce", "kalkulacka_funkce.csproj", "{F298ABF4-2ADD-41CD-B4A9-EE470179E63B}"
EndProject
Global
	GlobalSection(SolutionConfigurationPlatforms) = preSolution
		Debug|Any CPU = Debug|Any CPU
		Release|Any CPU = Release|Any CPU
	EndGlobalSection
	GlobalSection(ProjectConfigurationPlatforms) = postSolution
		{F298ABF4-2ADD-41CD-B4A9-EE470179E63B}.Debug|Any CPU.ActiveCfg = Debug|Any CPU
		{F298ABF4-2ADD-41CD-B4A9-EE470179E63B}.Debug|Any CPU.Build.0 = Debug|Any CPU
		{F298ABF4-2ADD-41CD-B4A9-EE470179E63B}.Release|Any CPU.ActiveCfg = Release|Any CPU
		{F298ABF4-2ADD-41CD-B4A9-EE470179E63B}.Release|Any CPU.Build.0 = Release|Any CPU
	EndGlobalSection
	GlobalSection(SolutionProperties) = preSolution
		HideSolutionNode = FALSE
	EndGlobalSection
	GlobalSection(ExtensibilityGlobals) = postSolution
		SolutionGuid = {D0930C15-8573-4F90-94DE-4E19080E1884}
	EndGlobalSection
EndGlobal
